github.com/charlievieth/num v0.0.0-20211011220440-458eb276ef61 h1:Ub2w72wRBdSCyBJ9Ag4Ob5eR5jM28Z4uPrw/2eNTUX8=
github.com/charlievieth/num v0.0.0-20211011220440-458eb276ef61/go.mod h1:/U5vOa/7xt7tVVy+7jKsm2BtyQkavBoycSjwyoU90js=
github.com/spf13/pflag v1.0.5/go.mod h1:McXfInJRrz4CZXVZOBLb0bTZqETkiAhM9Iw0y3An2Bg=
