github.com/charlievieth/num v0.0.0-20211011220440-458eb276ef61 h1:Ub2w72wRBdSCyBJ9Ag4Ob5eR5jM28Z4uPrw/2eNTUX8=
github.com/charlievieth/num v0.0.0-20211011220440-458eb276ef61/go.mod h1:/U5vOa/7xt7tVVy+7jKsm2BtyQkavBoycSjwyoU90js=
golang.org/x/exp v0.0.0-20230118134722-a68e582fa157 h1:fiNkyhJPUvxbRPbCqY/D9qdjmPzfHcpK3P4bM4gioSY=
golang.org/x/exp v0.0.0-20230118134722-a68e582fa157/go.mod h1:CxIveKay+FTh1D0yPZemJVgC/95VzuuOLq5Qi4xnoYc=
